# This file is automatically @generated by Cargo.
# It is not intended for manual editing.
version = 4

[[package]]
name = "kora-cli"
version = "0.0.1"

[[package]]
name = "kora-lsp"
version = "0.0.1"

[[package]]
name = "kora-models"
version = "0.0.1"

[[package]]
name = "kora-runtime"
version = "0.0.1"

[[package]]
name = "kora-syntax"
version = "0.0.1"

[[package]]
name = "kora-types"
version = "0.0.1"
